
Microsoft Visual Studio Solution File, Format Version 12.00
# Visual Studio Version 17
VisualStudioVersion = 17.0.31903.59
MinimumVisualStudioVersion = 10.0.40219.1
Project("{FAE04EC0-301F-11D3-BF4B-00C04F79EFBC}") = "DotNetCore8", "DotNetCore8\DotNetCore8.csproj", "{861F5C5C-933F-48EF-8DC4-9D44771C052C}"
EndProject
Project("{FAE04EC0-301F-11D3-BF4B-00C04F79EFBC}") = "RazorViews", "RazorViews\RazorViews.csproj", "{D5FBDED4-04A4-489C-9B59-8E0ACD90D835}"
EndProject
Project("{FAE04EC0-301F-11D3-BF4B-00C04F79EFBC}") = "ConfigurationExample", "ConfigurationExample\ConfigurationExample.csproj", "{647C37DF-ED82-41DB-9B39-7B7BDFCF34E4}"
EndProject
Global
	GlobalSection(SolutionConfigurationPlatforms) = preSolution
		Debug|Any CPU = Debug|Any CPU
		Release|Any CPU = Release|Any CPU
	EndGlobalSection
	GlobalSection(SolutionProperties) = preSolution
		HideSolutionNode = FALSE
	EndGlobalSection
	GlobalSection(ProjectConfigurationPlatforms) = postSolution
		{861F5C5C-933F-48EF-8DC4-9D44771C052C}.Debug|Any CPU.ActiveCfg = Debug|Any CPU
		{861F5C5C-933F-48EF-8DC4-9D44771C052C}.Debug|Any CPU.Build.0 = Debug|Any CPU
		{861F5C5C-933F-48EF-8DC4-9D44771C052C}.Release|Any CPU.ActiveCfg = Release|Any CPU
		{861F5C5C-933F-48EF-8DC4-9D44771C052C}.Release|Any CPU.Build.0 = Release|Any CPU
		{D5FBDED4-04A4-489C-9B59-8E0ACD90D835}.Debug|Any CPU.ActiveCfg = Debug|Any CPU
		{D5FBDED4-04A4-489C-9B59-8E0ACD90D835}.Debug|Any CPU.Build.0 = Debug|Any CPU
		{D5FBDED4-04A4-489C-9B59-8E0ACD90D835}.Release|Any CPU.ActiveCfg = Release|Any CPU
		{D5FBDED4-04A4-489C-9B59-8E0ACD90D835}.Release|Any CPU.Build.0 = Release|Any CPU
		{647C37DF-ED82-41DB-9B39-7B7BDFCF34E4}.Debug|Any CPU.ActiveCfg = Debug|Any CPU
		{647C37DF-ED82-41DB-9B39-7B7BDFCF34E4}.Debug|Any CPU.Build.0 = Debug|Any CPU
		{647C37DF-ED82-41DB-9B39-7B7BDFCF34E4}.Release|Any CPU.ActiveCfg = Release|Any CPU
		{647C37DF-ED82-41DB-9B39-7B7BDFCF34E4}.Release|Any CPU.Build.0 = Release|Any CPU
	EndGlobalSection
EndGlobal
