
Microsoft Visual Studio Solution File, Format Version 12.00
# Visual Studio Version 17
VisualStudioVersion = 17.5.002.0
MinimumVisualStudioVersion = 10.0.40219.1
Project("{9A19103F-16F7-4668-BE54-9A1E7A4F7556}") = "ConfigurationExample", "ConfigurationExample.csproj", "{EE23E9D9-9D81-406A-8B5D-4AF93504080C}"
EndProject
Global
	GlobalSection(SolutionConfigurationPlatforms) = preSolution
		Debug|Any CPU = Debug|Any CPU
		Release|Any CPU = Release|Any CPU
	EndGlobalSection
	GlobalSection(ProjectConfigurationPlatforms) = postSolution
		{EE23E9D9-9D81-406A-8B5D-4AF93504080C}.Debug|Any CPU.ActiveCfg = Debug|Any CPU
		{EE23E9D9-9D81-406A-8B5D-4AF93504080C}.Debug|Any CPU.Build.0 = Debug|Any CPU
		{EE23E9D9-9D81-406A-8B5D-4AF93504080C}.Release|Any CPU.ActiveCfg = Release|Any CPU
		{EE23E9D9-9D81-406A-8B5D-4AF93504080C}.Release|Any CPU.Build.0 = Release|Any CPU
	EndGlobalSection
	GlobalSection(SolutionProperties) = preSolution
		HideSolutionNode = FALSE
	EndGlobalSection
	GlobalSection(ExtensibilityGlobals) = postSolution
		SolutionGuid = {3397607B-03AF-4B3C-9D69-12DC7CF1F309}
	EndGlobalSection
EndGlobal
